Microsoft Visual Studio Solution File, Format Version 12.00
# Visual Studio Version 17
VisualStudioVersion = 17.5.2.0
MinimumVisualStudioVersion = 10.0.40219.1
Project("{FAE04EC0-301F-11D3-BF4B-00C04F79EFBC}") = "InfraApi", "InfraApi.csproj", "{7F61F80D-E9AC-E614-4899-99872529CB2A}"
EndProject
Global
	GlobalSection(SolutionConfigurationPlatforms) = preSolution
		Debug|Any CPU = Debug|Any CPU
		Release|Any CPU = Release|Any CPU
	EndGlobalSection
	GlobalSection(ProjectConfigurationPlatforms) = postSolution
		{7F61F80D-E9AC-E614-4899-99872529CB2A}.Debug|Any CPU.ActiveCfg = Debug|Any CPU
		{7F61F80D-E9AC-E614-4899-99872529CB2A}.Debug|Any CPU.Build.0 = Debug|Any CPU
		{7F61F80D-E9AC-E614-4899-99872529CB2A}.Release|Any CPU.ActiveCfg = Release|Any CPU
		{7F61F80D-E9AC-E614-4899-99872529CB2A}.Release|Any CPU.Build.0 = Release|Any CPU
	EndGlobalSection
	GlobalSection(SolutionProperties) = preSolution
		HideSolutionNode = FALSE
	EndGlobalSection
	GlobalSection(ExtensibilityGlobals) = postSolution
		SolutionGuid = {CBC70C0D-5729-40E8-BA50-D83947805D43}
	EndGlobalSection
EndGlobal
